
Microsoft Visual Studio Solution File, Format Version 12.00
# Visual Studio Version 16
VisualStudioVersion = 16.0.29728.190
MinimumVisualStudioVersion = 10.0.40219.1
Project("{9A19103F-16F7-4668-BE54-9A1E7A4F7556}") = "NSwagWithExamples", "NSwagWithExamples\NSwagWithExamples.csproj", "{7C529138-6B79-42FC-811A-BFD12FFF0B88}"
EndProject
Project("{9A19103F-16F7-4668-BE54-9A1E7A4F7556}") = "NSwag.Examples", "..\src\NSwag.Examples\NSwag.Examples.csproj", "{AF90693D-AC3F-4AB1-9821-AF6D830C0932}"
EndProject
Global
	GlobalSection(SolutionConfigurationPlatforms) = preSolution
		Debug|Any CPU = Debug|Any CPU
		Release|Any CPU = Release|Any CPU
	EndGlobalSection
	GlobalSection(ProjectConfigurationPlatforms) = postSolution
		{7C529138-6B79-42FC-811A-BFD12FFF0B88}.Debug|Any CPU.ActiveCfg = Debug|Any CPU
		{7C529138-6B79-42FC-811A-BFD12FFF0B88}.Debug|Any CPU.Build.0 = Debug|Any CPU
		{7C529138-6B79-42FC-811A-BFD12FFF0B88}.Release|Any CPU.ActiveCfg = Release|Any CPU
		{7C529138-6B79-42FC-811A-BFD12FFF0B88}.Release|Any CPU.Build.0 = Release|Any CPU
		{AF90693D-AC3F-4AB1-9821-AF6D830C0932}.Debug|Any CPU.ActiveCfg = Debug|Any CPU
		{AF90693D-AC3F-4AB1-9821-AF6D830C0932}.Debug|Any CPU.Build.0 = Debug|Any CPU
		{AF90693D-AC3F-4AB1-9821-AF6D830C0932}.Release|Any CPU.ActiveCfg = Release|Any CPU
		{AF90693D-AC3F-4AB1-9821-AF6D830C0932}.Release|Any CPU.Build.0 = Release|Any CPU
	EndGlobalSection
	GlobalSection(SolutionProperties) = preSolution
		HideSolutionNode = FALSE
	EndGlobalSection
	GlobalSection(ExtensibilityGlobals) = postSolution
		SolutionGuid = {9B371895-6A6D-4DF8-80BA-9014FBBB5902}
	EndGlobalSection
EndGlobal
